
Microsoft Visual Studio Solution File, Format Version 12.00
# Visual Studio Version 17
VisualStudioVersion = 17.3.32929.385
MinimumVisualStudioVersion = 10.0.40219.1
Project("{FAE04EC0-301F-11D3-BF4B-00C04F79EFBC}") = "ПР1", "ПР1\ПР1.csproj", "{E97997C7-A79F-449B-8EEC-1B24A8A93773}"
EndProject
Global
	GlobalSection(SolutionConfigurationPlatforms) = preSolution
		Debug|Any CPU = Debug|Any CPU
		Release|Any CPU = Release|Any CPU
	EndGlobalSection
	GlobalSection(ProjectConfigurationPlatforms) = postSolution
		{E97997C7-A79F-449B-8EEC-1B24A8A93773}.Debug|Any CPU.ActiveCfg = Debug|Any CPU
		{E97997C7-A79F-449B-8EEC-1B24A8A93773}.Debug|Any CPU.Build.0 = Debug|Any CPU
		{E97997C7-A79F-449B-8EEC-1B24A8A93773}.Release|Any CPU.ActiveCfg = Release|Any CPU
		{E97997C7-A79F-449B-8EEC-1B24A8A93773}.Release|Any CPU.Build.0 = Release|Any CPU
	EndGlobalSection
	GlobalSection(SolutionProperties) = preSolution
		HideSolutionNode = FALSE
	EndGlobalSection
	GlobalSection(ExtensibilityGlobals) = postSolution
		SolutionGuid = {779F876C-8672-422D-9297-C8E0661D4207}
	EndGlobalSection
EndGlobal
